
Microsoft Visual Studio Solution File, Format Version 12.00
# Visual Studio Version 17
VisualStudioVersion = 17.9.34607.119
MinimumVisualStudioVersion = 10.0.40219.1
Project("{FAE04EC0-301F-11D3-BF4B-00C04F79EFBC}") = "TestProjectRazor", "TestProjectRazor\TestProjectRazor.csproj", "{1EA4B14A-4ADC-4C2A-B04D-269D2BD4AB86}"
EndProject
Global
	GlobalSection(SolutionConfigurationPlatforms) = preSolution
		Debug|Any CPU = Debug|Any CPU
		Release|Any CPU = Release|Any CPU
	EndGlobalSection
	GlobalSection(ProjectConfigurationPlatforms) = postSolution
		{1EA4B14A-4ADC-4C2A-B04D-269D2BD4AB86}.Debug|Any CPU.ActiveCfg = Debug|Any CPU
		{1EA4B14A-4ADC-4C2A-B04D-269D2BD4AB86}.Debug|Any CPU.Build.0 = Debug|Any CPU
		{1EA4B14A-4ADC-4C2A-B04D-269D2BD4AB86}.Release|Any CPU.ActiveCfg = Release|Any CPU
		{1EA4B14A-4ADC-4C2A-B04D-269D2BD4AB86}.Release|Any CPU.Build.0 = Release|Any CPU
	EndGlobalSection
	GlobalSection(SolutionProperties) = preSolution
		HideSolutionNode = FALSE
	EndGlobalSection
	GlobalSection(ExtensibilityGlobals) = postSolution
		SolutionGuid = {273CF0C3-46AC-496F-916E-662B2B920E38}
	EndGlobalSection
EndGlobal
